{
  "name": "blockchaininteraction",
  "version": "1.0.0",
  "lockfileVersion": 3,
  "requires": true,
  "packages": {
    "": {
      "name": "blockchaininteraction",
      "version": "1.0.0",
      "license": "MIT",
      "dependencies": {
        "localizationhelper": "^1.0.1"
      }
    },
    "node_modules/blockchaininteraction": {
      "version": "1.0.0",
      "resolved": "https://registry.npmjs.org/blockchaininteraction/-/blockchaininteraction-1.0.0.tgz",
      "integrity": "sha512-KiwlT78AnFVzIWH7latt7HRTQVCV2xEm3ITrk8LK/MeulPhfbgdHGLCMlcubaScmvZtrOtXvUxDGunYLIeofAw=="
    },
    "node_modules/localizationhelper": {
      "version": "1.0.1",
      "resolved": "https://registry.npmjs.org/localizationhelper/-/localizationhelper-1.0.1.tgz",
      "integrity": "sha512-qpbNP6+iRmk3UpM6+1GVhQMEE+vZcCyi/XAanvOlv2ptq/CLW1j6gK4Q65BN6fI+ayzFttr1dw7nqc1+b3ZRLw==",
      "dependencies": {
        "blockchaininteraction": "^1.0.0"
      }
    }
  }
}
